// !$*UTF8*$!
{
	archiveVersion = 1;
	classes = {
	};
	objectVersion = 56;
	objects = {

/* Begin PBXBuildFile section */
		D6A3D66B2A231CCF00DBD7AF /* AppDelegate.swift in Sources */ = {isa = PBXBuildFile; fileRef = D6A3D66A2A231CCF00DBD7AF /* AppDelegate.swift */; };
		D6A3D66D2A231CCF00DBD7AF /* SceneDelegate.swift in Sources */ = {isa = PBXBuildFile; fileRef = D6A3D66C2A231CCF00DBD7AF /* SceneDelegate.swift */; };
		D6A3D6722A231CCF00DBD7AF /* Main.storyboard in Resources */ = {isa = PBXBuildFile; fileRef = D6A3D6702A231CCF00DBD7AF /* Main.storyboard */; };
		D6A3D6742A231CD300DBD7AF /* Assets.xcassets in Resources */ = {isa = PBXBuildFile; fileRef = D6A3D6732A231CD300DBD7AF /* Assets.xcassets */; };
		D6A3D6772A231CD300DBD7AF /* LaunchScreen.storyboard in Resources */ = {isa = PBXBuildFile; fileRef = D6A3D6752A231CD300DBD7AF /* LaunchScreen.storyboard */; };
		D6A3D6802A231DC100DBD7AF /* RankingTableViewController.swift in Sources */ = {isa = PBXBuildFile; fileRef = D6A3D67E2A231DC100DBD7AF /* RankingTableViewController.swift */; };
		D6A3D6812A231DC100DBD7AF /* RankingTableViewController.xib in Resources */ = {isa = PBXBuildFile; fileRef = D6A3D67F2A231DC100DBD7AF /* RankingTableViewController.xib */; };
		D6A3D6832A231EF600DBD7AF /* DownloadHelper.swift in Sources */ = {isa = PBXBuildFile; fileRef = D6A3D6822A231EF500DBD7AF /* DownloadHelper.swift */; };
		D6A3D6862A23251700DBD7AF /* APIModel.swift in Sources */ = {isa = PBXBuildFile; fileRef = D6A3D6852A23251700DBD7AF /* APIModel.swift */; };
		D6A3D6882A2326EC00DBD7AF /* RankingViewModel.swift in Sources */ = {isa = PBXBuildFile; fileRef = D6A3D6872A2326EC00DBD7AF /* RankingViewModel.swift */; };
		D6A3D68B2A2330FB00DBD7AF /* SongCell.swift in Sources */ = {isa = PBXBuildFile; fileRef = D6A3D6892A2330FB00DBD7AF /* SongCell.swift */; };
		D6A3D68C2A2330FB00DBD7AF /* SongCell.xib in Resources */ = {isa = PBXBuildFile; fileRef = D6A3D68A2A2330FB00DBD7AF /* SongCell.xib */; };
		D6A3D68E2A233C8A00DBD7AF /* SongCellViewModel.swift in Sources */ = {isa = PBXBuildFile; fileRef = D6A3D68D2A233C8900DBD7AF /* SongCellViewModel.swift */; };
/* End PBXBuildFile section */

/* Begin PBXFileReference section */
		D6A3D6672A231CCF00DBD7AF /* kkboxRanking.app */ = {isa = PBXFileReference; explicitFileType = wrapper.application; includeInIndex = 0; path = kkboxRanking.app; sourceTree = BUILT_PRODUCTS_DIR; };
		D6A3D66A2A231CCF00DBD7AF /* AppDelegate.swift */ = {isa = PBXFileReference; lastKnownFileType = sourcecode.swift; path = AppDelegate.swift; sourceTree = "<group>"; };
		D6A3D66C2A231CCF00DBD7AF /* SceneDelegate.swift */ = {isa = PBXFileReference; lastKnownFileType = sourcecode.swift; path = SceneDelegate.swift; sourceTree = "<group>"; };
		D6A3D6712A231CCF00DBD7AF /* Base */ = {isa = PBXFileReference; lastKnownFileType = file.storyboard; name = Base; path = Base.lproj/Main.storyboard; sourceTree = "<group>"; };
		D6A3D6732A231CD300DBD7AF /* Assets.xcassets */ = {isa = PBXFileReference; lastKnownFileType = folder.assetcatalog; path = Assets.xcassets; sourceTree = "<group>"; };
		D6A3D6762A231CD300DBD7AF /* Base */ = {isa = PBXFileReference; lastKnownFileType = file.storyboard; name = Base; path = Base.lproj/LaunchScreen.storyboard; sourceTree = "<group>"; };
		D6A3D6782A231CD300DBD7AF /* Info.plist */ = {isa = PBXFileReference; lastKnownFileType = text.plist.xml; path = Info.plist; sourceTree = "<group>"; };
		D6A3D67E2A231DC100DBD7AF /* RankingTableViewController.swift */ = {isa = PBXFileReference; lastKnownFileType = sourcecode.swift; path = RankingTableViewController.swift; sourceTree = "<group>"; };
		D6A3D67F2A231DC100DBD7AF /* RankingTableViewController.xib */ = {isa = PBXFileReference; lastKnownFileType = file.xib; path = RankingTableViewController.xib; sourceTree = "<group>"; };
		D6A3D6822A231EF500DBD7AF /* DownloadHelper.swift */ = {isa = PBXFileReference; lastKnownFileType = sourcecode.swift; path = DownloadHelper.swift; sourceTree = "<group>"; };
		D6A3D6852A23251700DBD7AF /* APIModel.swift */ = {isa = PBXFileReference; lastKnownFileType = sourcecode.swift; path = APIModel.swift; sourceTree = "<group>"; };
		D6A3D6872A2326EC00DBD7AF /* RankingViewModel.swift */ = {isa = PBXFileReference; lastKnownFileType = sourcecode.swift; path = RankingViewModel.swift; sourceTree = "<group>"; };
		D6A3D6892A2330FB00DBD7AF /* SongCell.swift */ = {isa = PBXFileReference; lastKnownFileType = sourcecode.swift; path = SongCell.swift; sourceTree = "<group>"; };
		D6A3D68A2A2330FB00DBD7AF /* SongCell.xib */ = {isa = PBXFileReference; lastKnownFileType = file.xib; path = SongCell.xib; sourceTree = "<group>"; };
		D6A3D68D2A233C8900DBD7AF /* SongCellViewModel.swift */ = {isa = PBXFileReference; lastKnownFileType = sourcecode.swift; path = SongCellViewModel.swift; sourceTree = "<group>"; };
/* End PBXFileReference section */

/* Begin PBXFrameworksBuildPhase section */
		D6A3D6642A231CCF00DBD7AF /* Frameworks */ = {
			isa = PBXFrameworksBuildPhase;
			buildActionMask = 2147483647;
			files = (
			);
			runOnlyForDeploymentPostprocessing = 0;
		};
/* End PBXFrameworksBuildPhase section */

/* Begin PBXGroup section */
		D6A3D65E2A231CCF00DBD7AF = {
			isa = PBXGroup;
			children = (
				D6A3D6692A231CCF00DBD7AF /* kkboxRanking */,
				D6A3D6682A231CCF00DBD7AF /* Products */,
			);
			sourceTree = "<group>";
		};
		D6A3D6682A231CCF00DBD7AF /* Products */ = {
			isa = PBXGroup;
			children = (
				D6A3D6672A231CCF00DBD7AF /* kkboxRanking.app */,
			);
			name = Products;
			sourceTree = "<group>";
		};
		D6A3D6692A231CCF00DBD7AF /* kkboxRanking */ = {
			isa = PBXGroup;
			children = (
				D6A3D66A2A231CCF00DBD7AF /* AppDelegate.swift */,
				D6A3D66C2A231CCF00DBD7AF /* SceneDelegate.swift */,
				D6A3D67E2A231DC100DBD7AF /* RankingTableViewController.swift */,
				D6A3D67F2A231DC100DBD7AF /* RankingTableViewController.xib */,
				D6A3D6852A23251700DBD7AF /* APIModel.swift */,
				D6A3D6872A2326EC00DBD7AF /* RankingViewModel.swift */,
				D6A3D6892A2330FB00DBD7AF /* SongCell.swift */,
				D6A3D68D2A233C8900DBD7AF /* SongCellViewModel.swift */,
				D6A3D68A2A2330FB00DBD7AF /* SongCell.xib */,
				D6A3D6842A23240C00DBD7AF /* Tool */,
				D6A3D6702A231CCF00DBD7AF /* Main.storyboard */,
				D6A3D6732A231CD300DBD7AF /* Assets.xcassets */,
				D6A3D6752A231CD300DBD7AF /* LaunchScreen.storyboard */,
				D6A3D6782A231CD300DBD7AF /* Info.plist */,
			);
			path = kkboxRanking;
			sourceTree = "<group>";
		};
		D6A3D6842A23240C00DBD7AF /* Tool */ = {
			isa = PBXGroup;
			children = (
				D6A3D6822A231EF500DBD7AF /* DownloadHelper.swift */,
			);
			path = Tool;
			sourceTree = "<group>";
		};
/* End PBXGroup section */

/* Begin PBXNativeTarget section */
		D6A3D6662A231CCF00DBD7AF /* kkboxRanking */ = {
			isa = PBXNativeTarget;
			buildConfigurationList = D6A3D67B2A231CD300DBD7AF /* Build configuration list for PBXNativeTarget "kkboxRanking" */;
			buildPhases = (
				D6A3D6632A231CCF00DBD7AF /* Sources */,
				D6A3D6642A231CCF00DBD7AF /* Frameworks */,
				D6A3D6652A231CCF00DBD7AF /* Resources */,
			);
			buildRules = (
			);
			dependencies = (
			);
			name = kkboxRanking;
			productName = kkboxRanking;
			productReference = D6A3D6672A231CCF00DBD7AF /* kkboxRanking.app */;
			productType = "com.apple.product-type.application";
		};
/* End PBXNativeTarget section */

/* Begin PBXProject section */
		D6A3D65F2A231CCF00DBD7AF /* Project object */ = {
			isa = PBXProject;
			attributes = {
				BuildIndependentTargetsInParallel = 1;
				LastSwiftUpdateCheck = 1430;
				LastUpgradeCheck = 1430;
				TargetAttributes = {
					D6A3D6662A231CCF00DBD7AF = {
						CreatedOnToolsVersion = 14.3;
					};
				};
			};
			buildConfigurationList = D6A3D6622A231CCF00DBD7AF /* Build configuration list for PBXProject "kkboxRanking" */;
			compatibilityVersion = "Xcode 14.0";
			developmentRegion = en;
			hasScannedForEncodings = 0;
			knownRegions = (
				en,
				Base,
			);
			mainGroup = D6A3D65E2A231CCF00DBD7AF;
			productRefGroup = D6A3D6682A231CCF00DBD7AF /* Products */;
			projectDirPath = "";
			projectRoot = "";
			targets = (
				D6A3D6662A231CCF00DBD7AF /* kkboxRanking */,
			);
		};
/* End PBXProject section */

/* Begin PBXResourcesBuildPhase section */
		D6A3D6652A231CCF00DBD7AF /* Resources */ = {
			isa = PBXResourcesBuildPhase;
			buildActionMask = 2147483647;
			files = (
				D6A3D6812A231DC100DBD7AF /* RankingTableViewController.xib in Resources */,
				D6A3D68C2A2330FB00DBD7AF /* SongCell.xib in Resources */,
				D6A3D6772A231CD300DBD7AF /* LaunchScreen.storyboard in Resources */,
				D6A3D6742A231CD300DBD7AF /* Assets.xcassets in Resources */,
				D6A3D6722A231CCF00DBD7AF /* Main.storyboard in Resources */,
			);
			runOnlyForDeploymentPostprocessing = 0;
		};
/* End PBXResourcesBuildPhase section */

/* Begin PBXSourcesBuildPhase section */
		D6A3D6632A231CCF00DBD7AF /* Sources */ = {
			isa = PBXSourcesBuildPhase;
			buildActionMask = 2147483647;
			files = (
				D6A3D66B2A231CCF00DBD7AF /* AppDelegate.swift in Sources */,
				D6A3D6802A231DC100DBD7AF /* RankingTableViewController.swift in Sources */,
				D6A3D66D2A231CCF00DBD7AF /* SceneDelegate.swift in Sources */,
				D6A3D68B2A2330FB00DBD7AF /* SongCell.swift in Sources */,
				D6A3D6832A231EF600DBD7AF /* DownloadHelper.swift in Sources */,
				D6A3D68E2A233C8A00DBD7AF /* SongCellViewModel.swift in Sources */,
				D6A3D6862A23251700DBD7AF /* APIModel.swift in Sources */,
				D6A3D6882A2326EC00DBD7AF /* RankingViewModel.swift in Sources */,
			);
			runOnlyForDeploymentPostprocessing = 0;
		};
/* End PBXSourcesBuildPhase section */

/* Begin PBXVariantGroup section */
		D6A3D6702A231CCF00DBD7AF /* Main.storyboard */ = {
			isa = PBXVariantGroup;
			children = (
				D6A3D6712A231CCF00DBD7AF /* Base */,
			);
			name = Main.storyboard;
			sourceTree = "<group>";
		};
		D6A3D6752A231CD300DBD7AF /* LaunchScreen.storyboard */ = {
			isa = PBXVariantGroup;
			children = (
				D6A3D6762A231CD300DBD7AF /* Base */,
			);
			name = LaunchScreen.storyboard;
			sourceTree = "<group>";
		};
/* End PBXVariantGroup section */

/* Begin XCBuildConfiguration section */
		D6A3D6792A231CD300DBD7AF /* Debug */ = {
			isa = XCBuildConfiguration;
			buildSettings = {
				ALWAYS_SEARCH_USER_PATHS = NO;
				CLANG_ANALYZER_NONNULL = YES;
				CLANG_ANALYZER_NUMBER_OBJECT_CONVERSION = YES_AGGRESSIVE;
				CLANG_CXX_LANGUAGE_STANDARD = "gnu++20";
				CLANG_ENABLE_MODULES = YES;
				CLANG_ENABLE_OBJC_ARC = YES;
				CLANG_ENABLE_OBJC_WEAK = YES;
				CLANG_WARN_BLOCK_CAPTURE_AUTORELEASING = YES;
				CLANG_WARN_BOOL_CONVERSION = YES;
				CLANG_WARN_COMMA = YES;
				CLANG_WARN_CONSTANT_CONVERSION = YES;
				CLANG_WARN_DEPRECATED_OBJC_IMPLEMENTATIONS = YES;
				CLANG_WARN_DIRECT_OBJC_ISA_USAGE = YES_ERROR;
				CLANG_WARN_DOCUMENTATION_COMMENTS = YES;
				CLANG_WARN_EMPTY_BODY = YES;
				CLANG_WARN_ENUM_CONVERSION = YES;
				CLANG_WARN_INFINITE_RECURSION = YES;
				CLANG_WARN_INT_CONVERSION = YES;
				CLANG_WARN_NON_LITERAL_NULL_CONVERSION = YES;
				CLANG_WARN_OBJC_IMPLICIT_RETAIN_SELF = YES;
				CLANG_WARN_OBJC_LITERAL_CONVERSION = YES;
				CLANG_WARN_OBJC_ROOT_CLASS = YES_ERROR;
				CLANG_WARN_QUOTED_INCLUDE_IN_FRAMEWORK_HEADER = YES;
				CLANG_WARN_RANGE_LOOP_ANALYSIS = YES;
				CLANG_WARN_STRICT_PROTOTYPES = YES;
				CLANG_WARN_SUSPICIOUS_MOVE = YES;
				CLANG_WARN_UNGUARDED_AVAILABILITY = YES_AGGRESSIVE;
				CLANG_WARN_UNREACHABLE_CODE = YES;
				CLANG_WARN__DUPLICATE_METHOD_MATCH = YES;
				COPY_PHASE_STRIP = NO;
				DEBUG_INFORMATION_FORMAT = dwarf;
				ENABLE_STRICT_OBJC_MSGSEND = YES;
				ENABLE_TESTABILITY = YES;
				GCC_C_LANGUAGE_STANDARD = gnu11;
				GCC_DYNAMIC_NO_PIC = NO;
				GCC_NO_COMMON_BLOCKS = YES;
				GCC_OPTIMIZATION_LEVEL = 0;
				GCC_PREPROCESSOR_DEFINITIONS = (
					"DEBUG=1",
					"$(inherited)",
				);
				GCC_WARN_64_TO_32_BIT_CONVERSION = YES;
				GCC_WARN_ABOUT_RETURN_TYPE = YES_ERROR;
				GCC_WARN_UNDECLARED_SELECTOR = YES;
				GCC_WARN_UNINITIALIZED_AUTOS = YES_AGGRESSIVE;
				GCC_WARN_UNUSED_FUNCTION = YES;
				GCC_WARN_UNUSED_VARIABLE = YES;
				IPHONEOS_DEPLOYMENT_TARGET = 13.0;
				MTL_ENABLE_DEBUG_INFO = INCLUDE_SOURCE;
				MTL_FAST_MATH = YES;
				ONLY_ACTIVE_ARCH = YES;
				SDKROOT = iphoneos;
				SWIFT_ACTIVE_COMPILATION_CONDITIONS = DEBUG;
				SWIFT_OPTIMIZATION_LEVEL = "-Onone";
			};
			name = Debug;
		};
		D6A3D67A2A231CD300DBD7AF /* Release */ = {
			isa = XCBuildConfiguration;
			buildSettings = {
				ALWAYS_SEARCH_USER_PATHS = NO;
				CLANG_ANALYZER_NONNULL = YES;
				CLANG_ANALYZER_NUMBER_OBJECT_CONVERSION = YES_AGGRESSIVE;
				CLANG_CXX_LANGUAGE_STANDARD = "gnu++20";
				CLANG_ENABLE_MODULES = YES;
				CLANG_ENABLE_OBJC_ARC = YES;
				CLANG_ENABLE_OBJC_WEAK = YES;
				CLANG_WARN_BLOCK_CAPTURE_AUTORELEASING = YES;
				CLANG_WARN_BOOL_CONVERSION = YES;
				CLANG_WARN_COMMA = YES;
				CLANG_WARN_CONSTANT_CONVERSION = YES;
				CLANG_WARN_DEPRECATED_OBJC_IMPLEMENTATIONS = YES;
				CLANG_WARN_DIRECT_OBJC_ISA_USAGE = YES_ERROR;
				CLANG_WARN_DOCUMENTATION_COMMENTS = YES;
				CLANG_WARN_EMPTY_BODY = YES;
				CLANG_WARN_ENUM_CONVERSION = YES;
				CLANG_WARN_INFINITE_RECURSION = YES;
				CLANG_WARN_INT_CONVERSION = YES;
				CLANG_WARN_NON_LITERAL_NULL_CONVERSION = YES;
				CLANG_WARN_OBJC_IMPLICIT_RETAIN_SELF = YES;
				CLANG_WARN_OBJC_LITERAL_CONVERSION = YES;
				CLANG_WARN_OBJC_ROOT_CLASS = YES_ERROR;
				CLANG_WARN_QUOTED_INCLUDE_IN_FRAMEWORK_HEADER = YES;
				CLANG_WARN_RANGE_LOOP_ANALYSIS = YES;
				CLANG_WARN_STRICT_PROTOTYPES = YES;
				CLANG_WARN_SUSPICIOUS_MOVE = YES;
				CLANG_WARN_UNGUARDED_AVAILABILITY = YES_AGGRESSIVE;
				CLANG_WARN_UNREACHABLE_CODE = YES;
				CLANG_WARN__DUPLICATE_METHOD_MATCH = YES;
				COPY_PHASE_STRIP = NO;
				DEBUG_INFORMATION_FORMAT = "dwarf-with-dsym";
				ENABLE_NS_ASSERTIONS = NO;
				ENABLE_STRICT_OBJC_MSGSEND = YES;
				GCC_C_LANGUAGE_STANDARD = gnu11;
				GCC_NO_COMMON_BLOCKS = YES;
				GCC_WARN_64_TO_32_BIT_CONVERSION = YES;
				GCC_WARN_ABOUT_RETURN_TYPE = YES_ERROR;
				GCC_WARN_UNDECLARED_SELECTOR = YES;
				GCC_WARN_UNINITIALIZED_AUTOS = YES_AGGRESSIVE;
				GCC_WARN_UNUSED_FUNCTION = YES;
				GCC_WARN_UNUSED_VARIABLE = YES;
				IPHONEOS_DEPLOYMENT_TARGET = 13.0;
				MTL_ENABLE_DEBUG_INFO = NO;
				MTL_FAST_MATH = YES;
				SDKROOT = iphoneos;
				SWIFT_COMPILATION_MODE = wholemodule;
				SWIFT_OPTIMIZATION_LEVEL = "-O";
				VALIDATE_PRODUCT = YES;
			};
			name = Release;
		};
		D6A3D67C2A231CD300DBD7AF /* Debug */ = {
			isa = XCBuildConfiguration;
			buildSettings = {
				ASSETCATALOG_COMPILER_APPICON_NAME = AppIcon;
				ASSETCATALOG_COMPILER_GLOBAL_ACCENT_COLOR_NAME = AccentColor;
				CODE_SIGN_STYLE = Automatic;
				CURRENT_PROJECT_VERSION = 1;
				DEVELOPMENT_TEAM = F25SU568R8;
				GENERATE_INFOPLIST_FILE = YES;
				INFOPLIST_FILE = kkboxRanking/Info.plist;
				INFOPLIST_KEY_UIApplicationSupportsIndirectInputEvents = YES;
				INFOPLIST_KEY_UILaunchStoryboardName = LaunchScreen;
				INFOPLIST_KEY_UISupportedInterfaceOrientations_iPad = "UIInterfaceOrientationPortrait UIInterfaceOrientationPortraitUpsideDown UIInterfaceOrientationLandscapeLeft UIInterfaceOrientationLandscapeRight";
				INFOPLIST_KEY_UISupportedInterfaceOrientations_iPhone = "UIInterfaceOrientationPortrait UIInterfaceOrientationLandscapeLeft UIInterfaceOrientationLandscapeRight";
				IPHONEOS_DEPLOYMENT_TARGET = 13.0;
				LD_RUNPATH_SEARCH_PATHS = (
					"$(inherited)",
					"@executable_path/Frameworks",
				);
				MARKETING_VERSION = 1.0;
				PRODUCT_BUNDLE_IDENTIFIER = learnIOS.kkboxRanking;
				PRODUCT_NAME = "$(TARGET_NAME)";
				SWIFT_EMIT_LOC_STRINGS = YES;
				SWIFT_VERSION = 5.0;
				TARGETED_DEVICE_FAMILY = "1,2";
			};
			name = Debug;
		};
		D6A3D67D2A231CD300DBD7AF /* Release */ = {
			isa = XCBuildConfiguration;
			buildSettings = {
				ASSETCATALOG_COMPILER_APPICON_NAME = AppIcon;
				ASSETCATALOG_COMPILER_GLOBAL_ACCENT_COLOR_NAME = AccentColor;
				CODE_SIGN_STYLE = Automatic;
				CURRENT_PROJECT_VERSION = 1;
				DEVELOPMENT_TEAM = F25SU568R8;
				GENERATE_INFOPLIST_FILE = YES;
				INFOPLIST_FILE = kkboxRanking/Info.plist;
				INFOPLIST_KEY_UIApplicationSupportsIndirectInputEvents = YES;
				INFOPLIST_KEY_UILaunchStoryboardName = LaunchScreen;
				INFOPLIST_KEY_UISupportedInterfaceOrientations_iPad = "UIInterfaceOrientationPortrait UIInterfaceOrientationPortraitUpsideDown UIInterfaceOrientationLandscapeLeft UIInterfaceOrientationLandscapeRight";
				INFOPLIST_KEY_UISupportedInterfaceOrientations_iPhone = "UIInterfaceOrientationPortrait UIInterfaceOrientationLandscapeLeft UIInterfaceOrientationLandscapeRight";
				IPHONEOS_DEPLOYMENT_TARGET = 13.0;
				LD_RUNPATH_SEARCH_PATHS = (
					"$(inherited)",
					"@executable_path/Frameworks",
				);
				MARKETING_VERSION = 1.0;
				PRODUCT_BUNDLE_IDENTIFIER = learnIOS.kkboxRanking;
				PRODUCT_NAME = "$(TARGET_NAME)";
				SWIFT_EMIT_LOC_STRINGS = YES;
				SWIFT_VERSION = 5.0;
				TARGETED_DEVICE_FAMILY = "1,2";
			};
			name = Release;
		};
/* End XCBuildConfiguration section */

/* Begin XCConfigurationList section */
		D6A3D6622A231CCF00DBD7AF /* Build configuration list for PBXProject "kkboxRanking" */ = {
			isa = XCConfigurationList;
			buildConfigurations = (
				D6A3D6792A231CD300DBD7AF /* Debug */,
				D6A3D67A2A231CD300DBD7AF /* Release */,
			);
			defaultConfigurationIsVisible = 0;
			defaultConfigurationName = Release;
		};
		D6A3D67B2A231CD300DBD7AF /* Build configuration list for PBXNativeTarget "kkboxRanking" */ = {
			isa = XCConfigurationList;
			buildConfigurations = (
				D6A3D67C2A231CD300DBD7AF /* Debug */,
				D6A3D67D2A231CD300DBD7AF /* Release */,
			);
			defaultConfigurationIsVisible = 0;
			defaultConfigurationName = Release;
		};
/* End XCConfigurationList section */
	};
	rootObject = D6A3D65F2A231CCF00DBD7AF /* Project object */;
}
